{
    "_readme": [
        "This file locks the dependencies of your project to a known state",
        "Read more about it at https://getcomposer.org/doc/01-basic-usage.md#installing-dependencies",
        "This file is @generated automatically"
    ],
    "content-hash": "5ca63ef0221242470b30ad496d39a798",
    "packages": [
        {
            "name": "hexonet/php-sdk",
            "version": "v4.5.2",
            "source": {
                "type": "git",
                "url": "https://github.com/hexonet/php-sdk.git",
                "reference": "a51d5f11d5ae804819f65a25526ddcb9d01fc180"
            },
            "dist": {
                "type": "zip",
                "url": "https://api.github.com/repos/hexonet/php-sdk/zipball/a51d5f11d5ae804819f65a25526ddcb9d01fc180",
                "reference": "a51d5f11d5ae804819f65a25526ddcb9d01fc180",
                "shasum": ""
            },
            "require": {
                "php": ">=7.0.0"
            },
            "type": "library",
            "autoload": {
                "psr-4": {
                    "HEXONET\\": "src/"
                },
                "classmap": [
                    "src/"
                ]
            },
            "notification-url": "https://packagist.org/downloads/",
            "license": [
                "MIT"
            ],
            "authors": [
                {
                    "name": "Anthony Schneider",
                    "role": "Developer",
                    "email": "anthonys@hexonet.net",
                    "homepage": "https://hexonet.net"
                },
                {
                    "name": "Kai Schwarz",
                    "role": "Developer",
                    "email": "kschwarz@hexonet.net",
                    "homepage": "https://hexonet.net"
                }
            ],
            "description": "API connector library for the insanely fast HEXONET backend API",
            "homepage": "https://github.com/hexonet/php-sdk",
            "keywords": [
                "api",
                "application",
                "backorder",
                "cert",
                "connector",
                "dns",
                "domain",
                "hexonet",
                "isp",
                "ispapi",
                "premium",
                "preregistration",
                "registration",
                "sdk",
                "ssl"
            ],
            "time": "2019-08-16T15:31:24+00:00"
        }
    ],
    "packages-dev": [],
    "aliases": [],
    "minimum-stability": "stable",
    "stability-flags": [],
    "prefer-stable": false,
    "prefer-lowest": false,
    "platform": [],
    "platform-dev": []
}
